
Microsoft Visual Studio Solution File, Format Version 12.00
# Visual Studio Version 17
VisualStudioVersion = 17.9.34723.18
MinimumVisualStudioVersion = 10.0.40219.1
Project("{888888A0-9F3D-457C-B088-3A5042F75D52}") = "yolo", "yolo.pyproj", "{1331FCB2-DB7D-4E34-9521-3DE29777A93F}"
EndProject
Global
	GlobalSection(SolutionConfigurationPlatforms) = preSolution
		Debug|Any CPU = Debug|Any CPU
		Release|Any CPU = Release|Any CPU
	EndGlobalSection
	GlobalSection(ProjectConfigurationPlatforms) = postSolution
		{1331FCB2-DB7D-4E34-9521-3DE29777A93F}.Debug|Any CPU.ActiveCfg = Debug|Any CPU
		{1331FCB2-DB7D-4E34-9521-3DE29777A93F}.Release|Any CPU.ActiveCfg = Release|Any CPU
	EndGlobalSection
	GlobalSection(SolutionProperties) = preSolution
		HideSolutionNode = FALSE
	EndGlobalSection
	GlobalSection(ExtensibilityGlobals) = postSolution
		SolutionGuid = {0A85897A-F790-4B04-B0F8-7E84ECB4F3CE}
	EndGlobalSection
EndGlobal
